{
  "version": 4,
  "terraform_version": "1.1.9",
  "serial": 5,
  "lineage": "5a497c75-3bb2-65b1-01d9-78fd04d0fd8a",
  "outputs": {},
  "resources": [
    {
      "mode": "managed",
      "type": "google_compute_firewall",
      "name": "http-server",
      "provider": "provider[\"registry.terraform.io/hashicorp/google\"]",
      "instances": [
        {
          "schema_version": 1,
          "attributes": {
            "allow": [
              {
                "ports": [
                  "80"
                ],
                "protocol": "tcp"
              }
            ],
            "creation_timestamp": "2022-09-19T15:56:04.313-07:00",
            "deny": [],
            "description": "",
            "destination_ranges": [],
            "direction": "INGRESS",
            "disabled": false,
            "enable_logging": null,
            "id": "projects/inf-env-cluster-dev/global/firewalls/default-allow-http-terraform",
            "log_config": [],
            "name": "default-allow-http-terraform",
            "network": "https://www.googleapis.com/compute/v1/projects/inf-env-cluster-dev/global/networks/default",
            "priority": 1000,
            "project": "inf-env-cluster-dev",
            "self_link": "https://www.googleapis.com/compute/v1/projects/inf-env-cluster-dev/global/firewalls/default-allow-http-terraform",
            "source_ranges": [
              "0.0.0.0/0"
            ],
            "source_service_accounts": [],
            "source_tags": [],
            "target_service_accounts": [],
            "target_tags": [
              "http-server"
            ],
            "timeouts": null
          },
          "sensitive_attributes": [],
          "private": "eyJlMmJmYjczMC1lY2FhLTExZTYtOGY4OC0zNDM2M2JjN2M0YzAiOnsiY3JlYXRlIjoxMjAwMDAwMDAwMDAwLCJkZWxldGUiOjEyMDAwMDAwMDAwMDAsInVwZGF0ZSI6MTIwMDAwMDAwMDAwMH0sInNjaGVtYV92ZXJzaW9uIjoiMSJ9"
        }
      ]
    }
  ]
}
